
Microsoft Visual Studio Solution File, Format Version 12.00
# Visual Studio 15
VisualStudioVersion = 15.0.28010.2046
MinimumVisualStudioVersion = 10.0.40219.1
Project("{FAE04EC0-301F-11D3-BF4B-00C04F79EFBC}") = "ConversioneBinaria", "ConversioneBinaria\ConversioneBinaria.csproj", "{DB189CC7-AFC7-4F68-BD2A-B4411DE494D8}"
EndProject
Global
	GlobalSection(SolutionConfigurationPlatforms) = preSolution
		Debug|Any CPU = Debug|Any CPU
		Release|Any CPU = Release|Any CPU
	EndGlobalSection
	GlobalSection(ProjectConfigurationPlatforms) = postSolution
		{DB189CC7-AFC7-4F68-BD2A-B4411DE494D8}.Debug|Any CPU.ActiveCfg = Debug|Any CPU
		{DB189CC7-AFC7-4F68-BD2A-B4411DE494D8}.Debug|Any CPU.Build.0 = Debug|Any CPU
		{DB189CC7-AFC7-4F68-BD2A-B4411DE494D8}.Release|Any CPU.ActiveCfg = Release|Any CPU
		{DB189CC7-AFC7-4F68-BD2A-B4411DE494D8}.Release|Any CPU.Build.0 = Release|Any CPU
	EndGlobalSection
	GlobalSection(SolutionProperties) = preSolution
		HideSolutionNode = FALSE
	EndGlobalSection
	GlobalSection(ExtensibilityGlobals) = postSolution
		SolutionGuid = {0BCB1497-CECB-42F3-ABBB-0A4B4AE08805}
	EndGlobalSection
EndGlobal
